// !$*UTF8*$!
{
	archiveVersion = 1;
	classes = {
	};
	objectVersion = 52;
	objects = {

/* Begin PBXBuildFile section */
		662F317E236F892A0000C123 /* AppDelegate.swift in Sources */ = {isa = PBXBuildFile; fileRef = 662F317D236F892A0000C123 /* AppDelegate.swift */; };
		662F3180236F892A0000C123 /* SceneDelegate.swift in Sources */ = {isa = PBXBuildFile; fileRef = 662F317F236F892A0000C123 /* SceneDelegate.swift */; };
		662F3184236F892B0000C123 /* Assets.xcassets in Resources */ = {isa = PBXBuildFile; fileRef = 662F3183236F892B0000C123 /* Assets.xcassets */; };
		662F3187236F892B0000C123 /* Preview Assets.xcassets in Resources */ = {isa = PBXBuildFile; fileRef = 662F3186236F892B0000C123 /* Preview Assets.xcassets */; };
		662F318A236F892B0000C123 /* LaunchScreen.storyboard in Resources */ = {isa = PBXBuildFile; fileRef = 662F3188236F892B0000C123 /* LaunchScreen.storyboard */; };
		662F3196236F8BBA0000C123 /* Pages in Frameworks */ = {isa = PBXBuildFile; productRef = 662F3195236F8BBA0000C123 /* Pages */; };
		66412D4B2374E885001BFD65 /* Book.swift in Sources */ = {isa = PBXBuildFile; fileRef = 66412D4A2374E885001BFD65 /* Book.swift */; };
		66412D4D2374E88E001BFD65 /* Page.swift in Sources */ = {isa = PBXBuildFile; fileRef = 66412D4C2374E88E001BFD65 /* Page.swift */; };
		66412D4F2374E957001BFD65 /* Frankenstein.txt in Resources */ = {isa = PBXBuildFile; fileRef = 66412D4E2374E957001BFD65 /* Frankenstein.txt */; };
		665AB3A1236F8DE30051F410 /* OnboardingView.swift in Sources */ = {isa = PBXBuildFile; fileRef = 665AB3A0236F8DE30051F410 /* OnboardingView.swift */; };
		665AB3A3236F8E950051F410 /* FullscreenBackgroundImage.swift in Sources */ = {isa = PBXBuildFile; fileRef = 665AB3A2236F8E950051F410 /* FullscreenBackgroundImage.swift */; };
		669229A623709F81007EEEEA /* GalleryView.swift in Sources */ = {isa = PBXBuildFile; fileRef = 669229A523709F81007EEEEA /* GalleryView.swift */; };
		66B9F8302370DB5200C3A3DD /* Painting.swift in Sources */ = {isa = PBXBuildFile; fileRef = 66B9F82F2370DB5200C3A3DD /* Painting.swift */; };
/* End PBXBuildFile section */

/* Begin PBXFileReference section */
		662F317A236F892A0000C123 /* PagesDemo.app */ = {isa = PBXFileReference; explicitFileType = wrapper.application; includeInIndex = 0; path = PagesDemo.app; sourceTree = BUILT_PRODUCTS_DIR; };
		662F317D236F892A0000C123 /* AppDelegate.swift */ = {isa = PBXFileReference; lastKnownFileType = sourcecode.swift; path = AppDelegate.swift; sourceTree = "<group>"; };
		662F317F236F892A0000C123 /* SceneDelegate.swift */ = {isa = PBXFileReference; lastKnownFileType = sourcecode.swift; path = SceneDelegate.swift; sourceTree = "<group>"; };
		662F3183236F892B0000C123 /* Assets.xcassets */ = {isa = PBXFileReference; lastKnownFileType = folder.assetcatalog; path = Assets.xcassets; sourceTree = "<group>"; };
		662F3186236F892B0000C123 /* Preview Assets.xcassets */ = {isa = PBXFileReference; lastKnownFileType = folder.assetcatalog; path = "Preview Assets.xcassets"; sourceTree = "<group>"; };
		662F3189236F892B0000C123 /* Base */ = {isa = PBXFileReference; lastKnownFileType = file.storyboard; name = Base; path = Base.lproj/LaunchScreen.storyboard; sourceTree = "<group>"; };
		662F318B236F892B0000C123 /* Info.plist */ = {isa = PBXFileReference; lastKnownFileType = text.plist.xml; path = Info.plist; sourceTree = "<group>"; };
		66412D4A2374E885001BFD65 /* Book.swift */ = {isa = PBXFileReference; lastKnownFileType = sourcecode.swift; path = Book.swift; sourceTree = "<group>"; };
		66412D4C2374E88E001BFD65 /* Page.swift */ = {isa = PBXFileReference; lastKnownFileType = sourcecode.swift; path = Page.swift; sourceTree = "<group>"; };
		66412D4E2374E957001BFD65 /* Frankenstein.txt */ = {isa = PBXFileReference; lastKnownFileType = text; path = Frankenstein.txt; sourceTree = "<group>"; };
		665AB3A0236F8DE30051F410 /* OnboardingView.swift */ = {isa = PBXFileReference; lastKnownFileType = sourcecode.swift; path = OnboardingView.swift; sourceTree = "<group>"; };
		665AB3A2236F8E950051F410 /* FullscreenBackgroundImage.swift */ = {isa = PBXFileReference; lastKnownFileType = sourcecode.swift; path = FullscreenBackgroundImage.swift; sourceTree = "<group>"; };
		669229A523709F81007EEEEA /* GalleryView.swift */ = {isa = PBXFileReference; lastKnownFileType = sourcecode.swift; path = GalleryView.swift; sourceTree = "<group>"; };
		66B9F82F2370DB5200C3A3DD /* Painting.swift */ = {isa = PBXFileReference; lastKnownFileType = sourcecode.swift; path = Painting.swift; sourceTree = "<group>"; };
/* End PBXFileReference section */

/* Begin PBXFrameworksBuildPhase section */
		662F3177236F892A0000C123 /* Frameworks */ = {
			isa = PBXFrameworksBuildPhase;
			buildActionMask = 2147483647;
			files = (
				662F3196236F8BBA0000C123 /* Pages in Frameworks */,
			);
			runOnlyForDeploymentPostprocessing = 0;
		};
/* End PBXFrameworksBuildPhase section */

/* Begin PBXGroup section */
		662F3171236F892A0000C123 = {
			isa = PBXGroup;
			children = (
				662F317C236F892A0000C123 /* PagesDemo */,
				662F317B236F892A0000C123 /* Products */,
			);
			sourceTree = "<group>";
		};
		662F317B236F892A0000C123 /* Products */ = {
			isa = PBXGroup;
			children = (
				662F317A236F892A0000C123 /* PagesDemo.app */,
			);
			name = Products;
			sourceTree = "<group>";
		};
		662F317C236F892A0000C123 /* PagesDemo */ = {
			isa = PBXGroup;
			children = (
				66412D492374E864001BFD65 /* Frankenstein Demo */,
				669229A423709EED007EEEEA /* Gallery Demo */,
				669229A323709E78007EEEEA /* Onboarding Demo */,
				662F317D236F892A0000C123 /* AppDelegate.swift */,
				662F317F236F892A0000C123 /* SceneDelegate.swift */,
				662F3183236F892B0000C123 /* Assets.xcassets */,
				662F3188236F892B0000C123 /* LaunchScreen.storyboard */,
				662F318B236F892B0000C123 /* Info.plist */,
				662F3185236F892B0000C123 /* Preview Content */,
			);
			path = PagesDemo;
			sourceTree = "<group>";
		};
		662F3185236F892B0000C123 /* Preview Content */ = {
			isa = PBXGroup;
			children = (
				662F3186236F892B0000C123 /* Preview Assets.xcassets */,
			);
			path = "Preview Content";
			sourceTree = "<group>";
		};
		66412D492374E864001BFD65 /* Frankenstein Demo */ = {
			isa = PBXGroup;
			children = (
				66412D4A2374E885001BFD65 /* Book.swift */,
				66412D4C2374E88E001BFD65 /* Page.swift */,
				66412D4E2374E957001BFD65 /* Frankenstein.txt */,
			);
			path = "Frankenstein Demo";
			sourceTree = "<group>";
		};
		669229A323709E78007EEEEA /* Onboarding Demo */ = {
			isa = PBXGroup;
			children = (
				665AB3A2236F8E950051F410 /* FullscreenBackgroundImage.swift */,
				665AB3A0236F8DE30051F410 /* OnboardingView.swift */,
			);
			path = "Onboarding Demo";
			sourceTree = "<group>";
		};
		669229A423709EED007EEEEA /* Gallery Demo */ = {
			isa = PBXGroup;
			children = (
				669229A523709F81007EEEEA /* GalleryView.swift */,
				66B9F82F2370DB5200C3A3DD /* Painting.swift */,
			);
			path = "Gallery Demo";
			sourceTree = "<group>";
		};
/* End PBXGroup section */

/* Begin PBXNativeTarget section */
		662F3179236F892A0000C123 /* PagesDemo */ = {
			isa = PBXNativeTarget;
			buildConfigurationList = 662F318E236F892B0000C123 /* Build configuration list for PBXNativeTarget "PagesDemo" */;
			buildPhases = (
				662F3176236F892A0000C123 /* Sources */,
				662F3177236F892A0000C123 /* Frameworks */,
				662F3178236F892A0000C123 /* Resources */,
			);
			buildRules = (
			);
			dependencies = (
			);
			name = PagesDemo;
			packageProductDependencies = (
				662F3195236F8BBA0000C123 /* Pages */,
			);
			productName = PagesDemo;
			productReference = 662F317A236F892A0000C123 /* PagesDemo.app */;
			productType = "com.apple.product-type.application";
		};
/* End PBXNativeTarget section */

/* Begin PBXProject section */
		662F3172236F892A0000C123 /* Project object */ = {
			isa = PBXProject;
			attributes = {
				LastSwiftUpdateCheck = 1120;
				LastUpgradeCheck = 1120;
				ORGANIZATIONNAME = nachonavarro;
				TargetAttributes = {
					662F3179236F892A0000C123 = {
						CreatedOnToolsVersion = 11.2;
					};
				};
			};
			buildConfigurationList = 662F3175236F892A0000C123 /* Build configuration list for PBXProject "PagesDemo" */;
			compatibilityVersion = "Xcode 9.3";
			developmentRegion = en;
			hasScannedForEncodings = 0;
			knownRegions = (
				en,
				Base,
			);
			mainGroup = 662F3171236F892A0000C123;
			packageReferences = (
				662F3194236F8BBA0000C123 /* XCRemoteSwiftPackageReference "Pages" */,
			);
			productRefGroup = 662F317B236F892A0000C123 /* Products */;
			projectDirPath = "";
			projectRoot = "";
			targets = (
				662F3179236F892A0000C123 /* PagesDemo */,
			);
		};
/* End PBXProject section */

/* Begin PBXResourcesBuildPhase section */
		662F3178236F892A0000C123 /* Resources */ = {
			isa = PBXResourcesBuildPhase;
			buildActionMask = 2147483647;
			files = (
				66412D4F2374E957001BFD65 /* Frankenstein.txt in Resources */,
				662F318A236F892B0000C123 /* LaunchScreen.storyboard in Resources */,
				662F3187236F892B0000C123 /* Preview Assets.xcassets in Resources */,
				662F3184236F892B0000C123 /* Assets.xcassets in Resources */,
			);
			runOnlyForDeploymentPostprocessing = 0;
		};
/* End PBXResourcesBuildPhase section */

/* Begin PBXSourcesBuildPhase section */
		662F3176236F892A0000C123 /* Sources */ = {
			isa = PBXSourcesBuildPhase;
			buildActionMask = 2147483647;
			files = (
				665AB3A3236F8E950051F410 /* FullscreenBackgroundImage.swift in Sources */,
				66412D4D2374E88E001BFD65 /* Page.swift in Sources */,
				665AB3A1236F8DE30051F410 /* OnboardingView.swift in Sources */,
				66412D4B2374E885001BFD65 /* Book.swift in Sources */,
				662F317E236F892A0000C123 /* AppDelegate.swift in Sources */,
				66B9F8302370DB5200C3A3DD /* Painting.swift in Sources */,
				662F3180236F892A0000C123 /* SceneDelegate.swift in Sources */,
				669229A623709F81007EEEEA /* GalleryView.swift in Sources */,
			);
			runOnlyForDeploymentPostprocessing = 0;
		};
/* End PBXSourcesBuildPhase section */

/* Begin PBXVariantGroup section */
		662F3188236F892B0000C123 /* LaunchScreen.storyboard */ = {
			isa = PBXVariantGroup;
			children = (
				662F3189236F892B0000C123 /* Base */,
			);
			name = LaunchScreen.storyboard;
			sourceTree = "<group>";
		};
/* End PBXVariantGroup section */

/* Begin XCBuildConfiguration section */
		662F318C236F892B0000C123 /* Debug */ = {
			isa = XCBuildConfiguration;
			buildSettings = {
				ALWAYS_SEARCH_USER_PATHS = NO;
				CLANG_ANALYZER_NONNULL = YES;
				CLANG_ANALYZER_NUMBER_OBJECT_CONVERSION = YES_AGGRESSIVE;
				CLANG_CXX_LANGUAGE_STANDARD = "gnu++14";
				CLANG_CXX_LIBRARY = "libc++";
				CLANG_ENABLE_MODULES = YES;
				CLANG_ENABLE_OBJC_ARC = YES;
				CLANG_ENABLE_OBJC_WEAK = YES;
				CLANG_WARN_BLOCK_CAPTURE_AUTORELEASING = YES;
				CLANG_WARN_BOOL_CONVERSION = YES;
				CLANG_WARN_COMMA = YES;
				CLANG_WARN_CONSTANT_CONVERSION = YES;
				CLANG_WARN_DEPRECATED_OBJC_IMPLEMENTATIONS = YES;
				CLANG_WARN_DIRECT_OBJC_ISA_USAGE = YES_ERROR;
				CLANG_WARN_DOCUMENTATION_COMMENTS = YES;
				CLANG_WARN_EMPTY_BODY = YES;
				CLANG_WARN_ENUM_CONVERSION = YES;
				CLANG_WARN_INFINITE_RECURSION = YES;
				CLANG_WARN_INT_CONVERSION = YES;
				CLANG_WARN_NON_LITERAL_NULL_CONVERSION = YES;
				CLANG_WARN_OBJC_IMPLICIT_RETAIN_SELF = YES;
				CLANG_WARN_OBJC_LITERAL_CONVERSION = YES;
				CLANG_WARN_OBJC_ROOT_CLASS = YES_ERROR;
				CLANG_WARN_RANGE_LOOP_ANALYSIS = YES;
				CLANG_WARN_STRICT_PROTOTYPES = YES;
				CLANG_WARN_SUSPICIOUS_MOVE = YES;
				CLANG_WARN_UNGUARDED_AVAILABILITY = YES_AGGRESSIVE;
				CLANG_WARN_UNREACHABLE_CODE = YES;
				CLANG_WARN__DUPLICATE_METHOD_MATCH = YES;
				COPY_PHASE_STRIP = NO;
				DEBUG_INFORMATION_FORMAT = dwarf;
				ENABLE_STRICT_OBJC_MSGSEND = YES;
				ENABLE_TESTABILITY = YES;
				GCC_C_LANGUAGE_STANDARD = gnu11;
				GCC_DYNAMIC_NO_PIC = NO;
				GCC_NO_COMMON_BLOCKS = YES;
				GCC_OPTIMIZATION_LEVEL = 0;
				GCC_PREPROCESSOR_DEFINITIONS = (
					"DEBUG=1",
					"$(inherited)",
				);
				GCC_WARN_64_TO_32_BIT_CONVERSION = YES;
				GCC_WARN_ABOUT_RETURN_TYPE = YES_ERROR;
				GCC_WARN_UNDECLARED_SELECTOR = YES;
				GCC_WARN_UNINITIALIZED_AUTOS = YES_AGGRESSIVE;
				GCC_WARN_UNUSED_FUNCTION = YES;
				GCC_WARN_UNUSED_VARIABLE = YES;
				IPHONEOS_DEPLOYMENT_TARGET = 13.2;
				MTL_ENABLE_DEBUG_INFO = INCLUDE_SOURCE;
				MTL_FAST_MATH = YES;
				ONLY_ACTIVE_ARCH = YES;
				SDKROOT = iphoneos;
				SWIFT_ACTIVE_COMPILATION_CONDITIONS = DEBUG;
				SWIFT_OPTIMIZATION_LEVEL = "-Onone";
			};
			name = Debug;
		};
		662F318D236F892B0000C123 /* Release */ = {
			isa = XCBuildConfiguration;
			buildSettings = {
				ALWAYS_SEARCH_USER_PATHS = NO;
				CLANG_ANALYZER_NONNULL = YES;
				CLANG_ANALYZER_NUMBER_OBJECT_CONVERSION = YES_AGGRESSIVE;
				CLANG_CXX_LANGUAGE_STANDARD = "gnu++14";
				CLANG_CXX_LIBRARY = "libc++";
				CLANG_ENABLE_MODULES = YES;
				CLANG_ENABLE_OBJC_ARC = YES;
				CLANG_ENABLE_OBJC_WEAK = YES;
				CLANG_WARN_BLOCK_CAPTURE_AUTORELEASING = YES;
				CLANG_WARN_BOOL_CONVERSION = YES;
				CLANG_WARN_COMMA = YES;
				CLANG_WARN_CONSTANT_CONVERSION = YES;
				CLANG_WARN_DEPRECATED_OBJC_IMPLEMENTATIONS = YES;
				CLANG_WARN_DIRECT_OBJC_ISA_USAGE = YES_ERROR;
				CLANG_WARN_DOCUMENTATION_COMMENTS = YES;
				CLANG_WARN_EMPTY_BODY = YES;
				CLANG_WARN_ENUM_CONVERSION = YES;
				CLANG_WARN_INFINITE_RECURSION = YES;
				CLANG_WARN_INT_CONVERSION = YES;
				CLANG_WARN_NON_LITERAL_NULL_CONVERSION = YES;
				CLANG_WARN_OBJC_IMPLICIT_RETAIN_SELF = YES;
				CLANG_WARN_OBJC_LITERAL_CONVERSION = YES;
				CLANG_WARN_OBJC_ROOT_CLASS = YES_ERROR;
				CLANG_WARN_RANGE_LOOP_ANALYSIS = YES;
				CLANG_WARN_STRICT_PROTOTYPES = YES;
				CLANG_WARN_SUSPICIOUS_MOVE = YES;
				CLANG_WARN_UNGUARDED_AVAILABILITY = YES_AGGRESSIVE;
				CLANG_WARN_UNREACHABLE_CODE = YES;
				CLANG_WARN__DUPLICATE_METHOD_MATCH = YES;
				COPY_PHASE_STRIP = NO;
				DEBUG_INFORMATION_FORMAT = "dwarf-with-dsym";
				ENABLE_NS_ASSERTIONS = NO;
				ENABLE_STRICT_OBJC_MSGSEND = YES;
				GCC_C_LANGUAGE_STANDARD = gnu11;
				GCC_NO_COMMON_BLOCKS = YES;
				GCC_WARN_64_TO_32_BIT_CONVERSION = YES;
				GCC_WARN_ABOUT_RETURN_TYPE = YES_ERROR;
				GCC_WARN_UNDECLARED_SELECTOR = YES;
				GCC_WARN_UNINITIALIZED_AUTOS = YES_AGGRESSIVE;
				GCC_WARN_UNUSED_FUNCTION = YES;
				GCC_WARN_UNUSED_VARIABLE = YES;
				IPHONEOS_DEPLOYMENT_TARGET = 13.2;
				MTL_ENABLE_DEBUG_INFO = NO;
				MTL_FAST_MATH = YES;
				SDKROOT = iphoneos;
				SWIFT_COMPILATION_MODE = wholemodule;
				SWIFT_OPTIMIZATION_LEVEL = "-O";
				VALIDATE_PRODUCT = YES;
			};
			name = Release;
		};
		662F318F236F892B0000C123 /* Debug */ = {
			isa = XCBuildConfiguration;
			buildSettings = {
				ASSETCATALOG_COMPILER_APPICON_NAME = AppIcon;
				CODE_SIGN_STYLE = Automatic;
				DEVELOPMENT_ASSET_PATHS = "\"PagesDemo/Preview Content\"";
				DEVELOPMENT_TEAM = 5N9SGH2HEL;
				ENABLE_PREVIEWS = YES;
				INFOPLIST_FILE = PagesDemo/Info.plist;
				LD_RUNPATH_SEARCH_PATHS = (
					"$(inherited)",
					"@executable_path/Frameworks",
				);
				PRODUCT_BUNDLE_IDENTIFIER = nachonavarro.PagesDemo;
				PRODUCT_NAME = "$(TARGET_NAME)";
				SWIFT_VERSION = 5.0;
				TARGETED_DEVICE_FAMILY = "1,2";
			};
			name = Debug;
		};
		662F3190236F892B0000C123 /* Release */ = {
			isa = XCBuildConfiguration;
			buildSettings = {
				ASSETCATALOG_COMPILER_APPICON_NAME = AppIcon;
				CODE_SIGN_STYLE = Automatic;
				DEVELOPMENT_ASSET_PATHS = "\"PagesDemo/Preview Content\"";
				DEVELOPMENT_TEAM = 5N9SGH2HEL;
				ENABLE_PREVIEWS = YES;
				INFOPLIST_FILE = PagesDemo/Info.plist;
				LD_RUNPATH_SEARCH_PATHS = (
					"$(inherited)",
					"@executable_path/Frameworks",
				);
				PRODUCT_BUNDLE_IDENTIFIER = nachonavarro.PagesDemo;
				PRODUCT_NAME = "$(TARGET_NAME)";
				SWIFT_VERSION = 5.0;
				TARGETED_DEVICE_FAMILY = "1,2";
			};
			name = Release;
		};
/* End XCBuildConfiguration section */

/* Begin XCConfigurationList section */
		662F3175236F892A0000C123 /* Build configuration list for PBXProject "PagesDemo" */ = {
			isa = XCConfigurationList;
			buildConfigurations = (
				662F318C236F892B0000C123 /* Debug */,
				662F318D236F892B0000C123 /* Release */,
			);
			defaultConfigurationIsVisible = 0;
			defaultConfigurationName = Release;
		};
		662F318E236F892B0000C123 /* Build configuration list for PBXNativeTarget "PagesDemo" */ = {
			isa = XCConfigurationList;
			buildConfigurations = (
				662F318F236F892B0000C123 /* Debug */,
				662F3190236F892B0000C123 /* Release */,
			);
			defaultConfigurationIsVisible = 0;
			defaultConfigurationName = Release;
		};
/* End XCConfigurationList section */

/* Begin XCRemoteSwiftPackageReference section */
		662F3194236F8BBA0000C123 /* XCRemoteSwiftPackageReference "Pages" */ = {
			isa = XCRemoteSwiftPackageReference;
			repositoryURL = "https://github.com/nachonavarro/Pages.git";
			requirement = {
				branch = master;
				kind = branch;
			};
		};
/* End XCRemoteSwiftPackageReference section */

/* Begin XCSwiftPackageProductDependency section */
		662F3195236F8BBA0000C123 /* Pages */ = {
			isa = XCSwiftPackageProductDependency;
			package = 662F3194236F8BBA0000C123 /* XCRemoteSwiftPackageReference "Pages" */;
			productName = Pages;
		};
/* End XCSwiftPackageProductDependency section */
	};
	rootObject = 662F3172236F892A0000C123 /* Project object */;
}
