{
  "object": {
    "pins": [
      {
        "package": "Pages",
        "repositoryURL": "https://github.com/nachonavarro/Pages.git",
        "state": {
          "branch": "binding-fix",
          "revision": "8d600a1b2f1a7794a23c8cf34c3124997154f52c",
          "version": null
        }
      }
    ]
  },
  "version": 1
}
