{
  "object": {
    "pins": [
      {
        "package": "Pages",
        "repositoryURL": "https://github.com/nachonavarro/Pages.git",
        "state": {
          "branch": "master",
          "revision": "1c975d7d8360f99830496f5384c255595661c0d8",
          "version": null
        }
      }
    ]
  },
  "version": 1
}
