{
  "object": {
    "pins": [
      {
        "package": "Pages",
        "repositoryURL": "https://github.com/nachonavarro/Pages.git",
        "state": {
          "branch": "master",
          "revision": "15f6582b7fa816f7feaf9949c7412ecd8d41e6e6",
          "version": null
        }
      }
    ]
  },
  "version": 1
}
